
Microsoft Visual Studio Solution File, Format Version 12.00
# Visual Studio 15
VisualStudioVersion = 15.0.27428.2015
MinimumVisualStudioVersion = 10.0.40219.1
Project("{9A19103F-16F7-4668-BE54-9A1E7A4F7556}") = "FileHolder", "FileHolder\FileHolder.csproj", "{C4AC8279-64F4-4DBC-9615-3564603A0B9E}"
EndProject
Project("{9A19103F-16F7-4668-BE54-9A1E7A4F7556}") = "FileHolder.Models", "FileHolder.Models\FileHolder.Models.csproj", "{9496E5DD-E2F6-4F2B-94F6-A34DC520E1E9}"
EndProject
Project("{9A19103F-16F7-4668-BE54-9A1E7A4F7556}") = "TestConsole", "TestConsole\TestConsole.csproj", "{F1449E59-24C0-4CAD-9F25-3A79B35AF51D}"
EndProject
Project("{FAE04EC0-301F-11D3-BF4B-00C04F79EFBC}") = "FileHolder.DataAccess", "FileHolder.DataAccess\FileHolder.DataAccess.csproj", "{1F5BDD43-B287-4E67-8DCB-078FCC8E3AA9}"
EndProject
Global
	GlobalSection(SolutionConfigurationPlatforms) = preSolution
		Debug|Any CPU = Debug|Any CPU
		Release|Any CPU = Release|Any CPU
	EndGlobalSection
	GlobalSection(ProjectConfigurationPlatforms) = postSolution
		{C4AC8279-64F4-4DBC-9615-3564603A0B9E}.Debug|Any CPU.ActiveCfg = Debug|Any CPU
		{C4AC8279-64F4-4DBC-9615-3564603A0B9E}.Debug|Any CPU.Build.0 = Debug|Any CPU
		{C4AC8279-64F4-4DBC-9615-3564603A0B9E}.Release|Any CPU.ActiveCfg = Release|Any CPU
		{C4AC8279-64F4-4DBC-9615-3564603A0B9E}.Release|Any CPU.Build.0 = Release|Any CPU
		{9496E5DD-E2F6-4F2B-94F6-A34DC520E1E9}.Debug|Any CPU.ActiveCfg = Debug|Any CPU
		{9496E5DD-E2F6-4F2B-94F6-A34DC520E1E9}.Debug|Any CPU.Build.0 = Debug|Any CPU
		{9496E5DD-E2F6-4F2B-94F6-A34DC520E1E9}.Release|Any CPU.ActiveCfg = Release|Any CPU
		{9496E5DD-E2F6-4F2B-94F6-A34DC520E1E9}.Release|Any CPU.Build.0 = Release|Any CPU
		{F1449E59-24C0-4CAD-9F25-3A79B35AF51D}.Debug|Any CPU.ActiveCfg = Debug|Any CPU
		{F1449E59-24C0-4CAD-9F25-3A79B35AF51D}.Debug|Any CPU.Build.0 = Debug|Any CPU
		{F1449E59-24C0-4CAD-9F25-3A79B35AF51D}.Release|Any CPU.ActiveCfg = Release|Any CPU
		{F1449E59-24C0-4CAD-9F25-3A79B35AF51D}.Release|Any CPU.Build.0 = Release|Any CPU
		{1F5BDD43-B287-4E67-8DCB-078FCC8E3AA9}.Debug|Any CPU.ActiveCfg = Debug|Any CPU
		{1F5BDD43-B287-4E67-8DCB-078FCC8E3AA9}.Debug|Any CPU.Build.0 = Debug|Any CPU
		{1F5BDD43-B287-4E67-8DCB-078FCC8E3AA9}.Release|Any CPU.ActiveCfg = Release|Any CPU
		{1F5BDD43-B287-4E67-8DCB-078FCC8E3AA9}.Release|Any CPU.Build.0 = Release|Any CPU
	EndGlobalSection
	GlobalSection(SolutionProperties) = preSolution
		HideSolutionNode = FALSE
	EndGlobalSection
	GlobalSection(ExtensibilityGlobals) = postSolution
		SolutionGuid = {F35C1EF3-59C0-46C1-AE55-B5F4159A0B46}
	EndGlobalSection
EndGlobal
